
Microsoft Visual Studio Solution File, Format Version 12.00
# Visual Studio Version 17
VisualStudioVersion = 17.14.36429.23
MinimumVisualStudioVersion = 10.0.40219.1
Project("{2150E333-8FDC-42A3-9474-1A3956D46DE8}") = "Task0", "Task0", "{02EA681E-C7D8-13C7-8484-4AC65E1B71E8}"
EndProject
Project("{FAE04EC0-301F-11D3-BF4B-00C04F79EFBC}") = "Tyuiu.ZavyalovKA.Sprint1.Task0.V27", "Tyuiu.ZavyalovKA.Sprint1.Task0.V27\Tyuiu.ZavyalovKA.Sprint1.Task0.V27.csproj", "{6BF0B473-90F0-4758-A375-0D5FCCA2B871}"
EndProject
Project("{FAE04EC0-301F-11D3-BF4B-00C04F79EFBC}") = "Tyuiu.ZavyalovKA.Sprint1.Task0.V27.Lib", "Tyuiu.ZavyalovKA.Sprint1.Task0.V27.Lib\Tyuiu.ZavyalovKA.Sprint1.Task0.V27.Lib.csproj", "{9CB7750A-F099-4F2C-A490-77D127DE58CD}"
EndProject
Project("{FAE04EC0-301F-11D3-BF4B-00C04F79EFBC}") = "Tyuiu.ZavyalovKA.Sprint1.Task0.V27.Test", "Tyuiu.ZavyalovKA.Sprint1.Task0.V27.Test\Tyuiu.ZavyalovKA.Sprint1.Task0.V27.Test.csproj", "{89685637-EBE4-4ABF-9965-B3B0F28595E0}"
EndProject
Project("{2150E333-8FDC-42A3-9474-1A3956D46DE8}") = "Task1", "Task1", "{4C31BAC5-E157-41A1-A641-3E81426DC435}"
EndProject
Project("{FAE04EC0-301F-11D3-BF4B-00C04F79EFBC}") = "Tyuiu.ZavyalovKA.Sprint1.Task1.V25", "Tyuiu.ZavyalovKA.Sprint1.Task1.V25\Tyuiu.ZavyalovKA.Sprint1.Task1.V25.csproj", "{B452811B-6EC6-4AAF-8D50-2B965DA12750}"
EndProject
Project("{FAE04EC0-301F-11D3-BF4B-00C04F79EFBC}") = "Tyuiu.ZavyalovKA.Sprint1.Task1.V25.Lib", "Tyuiu.ZavyalovKA.Sprint1.Task1.V25.Lib\Tyuiu.ZavyalovKA.Sprint1.Task1.V25.Lib.csproj", "{60D78487-7C51-425E-BAFC-C342FA52A208}"
EndProject
Project("{FAE04EC0-301F-11D3-BF4B-00C04F79EFBC}") = "Tyuiu.ZavyalovKA.Sprint1.Task1.V25.Test", "Tyuiu.ZavyalovKA.Sprint1.Task1.V25.Test\Tyuiu.ZavyalovKA.Sprint1.Task1.V25.Test.csproj", "{F6970E46-3CE8-4618-8C8D-68321F454EDD}"
EndProject
Project("{2150E333-8FDC-42A3-9474-1A3956D46DE8}") = "Task2", "Task2", "{8687C69F-C1E9-44CF-95CB-820D2D6A69BB}"
EndProject
Project("{FAE04EC0-301F-11D3-BF4B-00C04F79EFBC}") = "Tyuiu.ZavyalovKA.Sprint1.Task2.V4", "Tyuiu.ZavyalovKA.Sprint1.Task2.V4\Tyuiu.ZavyalovKA.Sprint1.Task2.V4.csproj", "{46D3EBB3-0779-4CB4-BDC8-7379F34C95CD}"
EndProject
Project("{FAE04EC0-301F-11D3-BF4B-00C04F79EFBC}") = "Tyuiu.ZavyalovKA.Sprint1.Task2.V4.Lib", "Tyuiu.ZavyalovKA.Sprint1.Task2.V4.Lib\Tyuiu.ZavyalovKA.Sprint1.Task2.V4.Lib.csproj", "{E2ED1289-50F4-4BEA-B275-728ABAD672A3}"
EndProject
Project("{FAE04EC0-301F-11D3-BF4B-00C04F79EFBC}") = "Tyuiu.ZavyalovKA.Sprint1.Task2.V4.Test", "Tyuiu.ZavyalovKA.Sprint1.Task2.V4.Test\Tyuiu.ZavyalovKA.Sprint1.Task2.V4.Test.csproj", "{C9F8620B-66C4-4036-8767-C0943845685A}"
EndProject
Project("{2150E333-8FDC-42A3-9474-1A3956D46DE8}") = "Task3", "Task3", "{EE016CDA-81CA-4BFA-BB8E-3145076DDB72}"
EndProject
Project("{FAE04EC0-301F-11D3-BF4B-00C04F79EFBC}") = "Tyuiu.ZavyalovKA.Sprint1.Task3.V7", "Tyuiu.ZavyalovKA.Sprint1.Task3.V7\Tyuiu.ZavyalovKA.Sprint1.Task3.V7.csproj", "{92DBA0AA-75FF-48AE-AF43-536BF3C674CB}"
EndProject
Project("{FAE04EC0-301F-11D3-BF4B-00C04F79EFBC}") = "Tyuiu.ZavyalovKA.Sprint1.Task3.V7.Lib", "Tyuiu.ZavyalovKA.Sprint1.Task3.V7.Lib\Tyuiu.ZavyalovKA.Sprint1.Task3.V7.Lib.csproj", "{D18A9406-8E53-4960-8E72-D055002E97B4}"
EndProject
Project("{FAE04EC0-301F-11D3-BF4B-00C04F79EFBC}") = "Tyuiu.ZavyalovKA.Sprint1.Task3.V7.Test", "Tyuiu.ZavyalovKA.Sprint1.Task3.V7.Test\Tyuiu.ZavyalovKA.Sprint1.Task3.V7.Test.csproj", "{76899EA1-911E-46C6-9441-B3E8C6A128FE}"
EndProject
Project("{2150E333-8FDC-42A3-9474-1A3956D46DE8}") = "Task4", "Task4", "{65E53BE2-08F9-4825-8435-AEB725165736}"
EndProject
Project("{FAE04EC0-301F-11D3-BF4B-00C04F79EFBC}") = "Tyuiu.ZavyalovKA.Sprint1.Task4.V22", "Tyuiu.ZavyalovKA.Sprint1.Task4.V22\Tyuiu.ZavyalovKA.Sprint1.Task4.V22.csproj", "{F98CB993-F97E-4D27-A13A-99CBAA3939B0}"
EndProject
Project("{FAE04EC0-301F-11D3-BF4B-00C04F79EFBC}") = "Tyuiu.ZavyalovKA.Sprint1.Task4.V22.Lib", "Tyuiu.ZavyalovKA.Sprint1.Task4.V22.Lib\Tyuiu.ZavyalovKA.Sprint1.Task4.V22.Lib.csproj", "{0B66A87A-5648-4BA4-9D7B-221CFF5771D0}"
EndProject
Project("{FAE04EC0-301F-11D3-BF4B-00C04F79EFBC}") = "Tyuiu.ZavyalovKA.Sprint1.Task4.V22.Test", "Tyuiu.ZavyalovKA.Sprint1.Task4.V22.Test\Tyuiu.ZavyalovKA.Sprint1.Task4.V22.Test.csproj", "{5134DE0F-2847-404F-9989-F6E79C872B9D}"
EndProject
Global
	GlobalSection(SolutionConfigurationPlatforms) = preSolution
		Debug|Any CPU = Debug|Any CPU
		Release|Any CPU = Release|Any CPU
	EndGlobalSection
	GlobalSection(ProjectConfigurationPlatforms) = postSolution
		{6BF0B473-90F0-4758-A375-0D5FCCA2B871}.Debug|Any CPU.ActiveCfg = Debug|Any CPU
		{6BF0B473-90F0-4758-A375-0D5FCCA2B871}.Debug|Any CPU.Build.0 = Debug|Any CPU
		{6BF0B473-90F0-4758-A375-0D5FCCA2B871}.Release|Any CPU.ActiveCfg = Release|Any CPU
		{6BF0B473-90F0-4758-A375-0D5FCCA2B871}.Release|Any CPU.Build.0 = Release|Any CPU
		{9CB7750A-F099-4F2C-A490-77D127DE58CD}.Debug|Any CPU.ActiveCfg = Debug|Any CPU
		{9CB7750A-F099-4F2C-A490-77D127DE58CD}.Debug|Any CPU.Build.0 = Debug|Any CPU
		{9CB7750A-F099-4F2C-A490-77D127DE58CD}.Release|Any CPU.ActiveCfg = Release|Any CPU
		{9CB7750A-F099-4F2C-A490-77D127DE58CD}.Release|Any CPU.Build.0 = Release|Any CPU
		{89685637-EBE4-4ABF-9965-B3B0F28595E0}.Debug|Any CPU.ActiveCfg = Debug|Any CPU
		{89685637-EBE4-4ABF-9965-B3B0F28595E0}.Debug|Any CPU.Build.0 = Debug|Any CPU
		{89685637-EBE4-4ABF-9965-B3B0F28595E0}.Release|Any CPU.ActiveCfg = Release|Any CPU
		{89685637-EBE4-4ABF-9965-B3B0F28595E0}.Release|Any CPU.Build.0 = Release|Any CPU
		{B452811B-6EC6-4AAF-8D50-2B965DA12750}.Debug|Any CPU.ActiveCfg = Debug|Any CPU
		{B452811B-6EC6-4AAF-8D50-2B965DA12750}.Debug|Any CPU.Build.0 = Debug|Any CPU
		{B452811B-6EC6-4AAF-8D50-2B965DA12750}.Release|Any CPU.ActiveCfg = Release|Any CPU
		{B452811B-6EC6-4AAF-8D50-2B965DA12750}.Release|Any CPU.Build.0 = Release|Any CPU
		{60D78487-7C51-425E-BAFC-C342FA52A208}.Debug|Any CPU.ActiveCfg = Debug|Any CPU
		{60D78487-7C51-425E-BAFC-C342FA52A208}.Debug|Any CPU.Build.0 = Debug|Any CPU
		{60D78487-7C51-425E-BAFC-C342FA52A208}.Release|Any CPU.ActiveCfg = Release|Any CPU
		{60D78487-7C51-425E-BAFC-C342FA52A208}.Release|Any CPU.Build.0 = Release|Any CPU
		{F6970E46-3CE8-4618-8C8D-68321F454EDD}.Debug|Any CPU.ActiveCfg = Debug|Any CPU
		{F6970E46-3CE8-4618-8C8D-68321F454EDD}.Debug|Any CPU.Build.0 = Debug|Any CPU
		{F6970E46-3CE8-4618-8C8D-68321F454EDD}.Release|Any CPU.ActiveCfg = Release|Any CPU
		{F6970E46-3CE8-4618-8C8D-68321F454EDD}.Release|Any CPU.Build.0 = Release|Any CPU
		{46D3EBB3-0779-4CB4-BDC8-7379F34C95CD}.Debug|Any CPU.ActiveCfg = Debug|Any CPU
		{46D3EBB3-0779-4CB4-BDC8-7379F34C95CD}.Debug|Any CPU.Build.0 = Debug|Any CPU
		{46D3EBB3-0779-4CB4-BDC8-7379F34C95CD}.Release|Any CPU.ActiveCfg = Release|Any CPU
		{46D3EBB3-0779-4CB4-BDC8-7379F34C95CD}.Release|Any CPU.Build.0 = Release|Any CPU
		{E2ED1289-50F4-4BEA-B275-728ABAD672A3}.Debug|Any CPU.ActiveCfg = Debug|Any CPU
		{E2ED1289-50F4-4BEA-B275-728ABAD672A3}.Debug|Any CPU.Build.0 = Debug|Any CPU
		{E2ED1289-50F4-4BEA-B275-728ABAD672A3}.Release|Any CPU.ActiveCfg = Release|Any CPU
		{E2ED1289-50F4-4BEA-B275-728ABAD672A3}.Release|Any CPU.Build.0 = Release|Any CPU
		{C9F8620B-66C4-4036-8767-C0943845685A}.Debug|Any CPU.ActiveCfg = Debug|Any CPU
		{C9F8620B-66C4-4036-8767-C0943845685A}.Debug|Any CPU.Build.0 = Debug|Any CPU
		{C9F8620B-66C4-4036-8767-C0943845685A}.Release|Any CPU.ActiveCfg = Release|Any CPU
		{C9F8620B-66C4-4036-8767-C0943845685A}.Release|Any CPU.Build.0 = Release|Any CPU
		{92DBA0AA-75FF-48AE-AF43-536BF3C674CB}.Debug|Any CPU.ActiveCfg = Debug|Any CPU
		{92DBA0AA-75FF-48AE-AF43-536BF3C674CB}.Debug|Any CPU.Build.0 = Debug|Any CPU
		{92DBA0AA-75FF-48AE-AF43-536BF3C674CB}.Release|Any CPU.ActiveCfg = Release|Any CPU
		{92DBA0AA-75FF-48AE-AF43-536BF3C674CB}.Release|Any CPU.Build.0 = Release|Any CPU
		{D18A9406-8E53-4960-8E72-D055002E97B4}.Debug|Any CPU.ActiveCfg = Debug|Any CPU
		{D18A9406-8E53-4960-8E72-D055002E97B4}.Debug|Any CPU.Build.0 = Debug|Any CPU
		{D18A9406-8E53-4960-8E72-D055002E97B4}.Release|Any CPU.ActiveCfg = Release|Any CPU
		{D18A9406-8E53-4960-8E72-D055002E97B4}.Release|Any CPU.Build.0 = Release|Any CPU
		{76899EA1-911E-46C6-9441-B3E8C6A128FE}.Debug|Any CPU.ActiveCfg = Debug|Any CPU
		{76899EA1-911E-46C6-9441-B3E8C6A128FE}.Debug|Any CPU.Build.0 = Debug|Any CPU
		{76899EA1-911E-46C6-9441-B3E8C6A128FE}.Release|Any CPU.ActiveCfg = Release|Any CPU
		{76899EA1-911E-46C6-9441-B3E8C6A128FE}.Release|Any CPU.Build.0 = Release|Any CPU
		{F98CB993-F97E-4D27-A13A-99CBAA3939B0}.Debug|Any CPU.ActiveCfg = Debug|Any CPU
		{F98CB993-F97E-4D27-A13A-99CBAA3939B0}.Debug|Any CPU.Build.0 = Debug|Any CPU
		{F98CB993-F97E-4D27-A13A-99CBAA3939B0}.Release|Any CPU.ActiveCfg = Release|Any CPU
		{F98CB993-F97E-4D27-A13A-99CBAA3939B0}.Release|Any CPU.Build.0 = Release|Any CPU
		{0B66A87A-5648-4BA4-9D7B-221CFF5771D0}.Debug|Any CPU.ActiveCfg = Debug|Any CPU
		{0B66A87A-5648-4BA4-9D7B-221CFF5771D0}.Debug|Any CPU.Build.0 = Debug|Any CPU
		{0B66A87A-5648-4BA4-9D7B-221CFF5771D0}.Release|Any CPU.ActiveCfg = Release|Any CPU
		{0B66A87A-5648-4BA4-9D7B-221CFF5771D0}.Release|Any CPU.Build.0 = Release|Any CPU
		{5134DE0F-2847-404F-9989-F6E79C872B9D}.Debug|Any CPU.ActiveCfg = Debug|Any CPU
		{5134DE0F-2847-404F-9989-F6E79C872B9D}.Debug|Any CPU.Build.0 = Debug|Any CPU
		{5134DE0F-2847-404F-9989-F6E79C872B9D}.Release|Any CPU.ActiveCfg = Release|Any CPU
		{5134DE0F-2847-404F-9989-F6E79C872B9D}.Release|Any CPU.Build.0 = Release|Any CPU
	EndGlobalSection
	GlobalSection(SolutionProperties) = preSolution
		HideSolutionNode = FALSE
	EndGlobalSection
	GlobalSection(NestedProjects) = preSolution
		{6BF0B473-90F0-4758-A375-0D5FCCA2B871} = {02EA681E-C7D8-13C7-8484-4AC65E1B71E8}
		{9CB7750A-F099-4F2C-A490-77D127DE58CD} = {02EA681E-C7D8-13C7-8484-4AC65E1B71E8}
		{89685637-EBE4-4ABF-9965-B3B0F28595E0} = {02EA681E-C7D8-13C7-8484-4AC65E1B71E8}
		{B452811B-6EC6-4AAF-8D50-2B965DA12750} = {4C31BAC5-E157-41A1-A641-3E81426DC435}
		{60D78487-7C51-425E-BAFC-C342FA52A208} = {4C31BAC5-E157-41A1-A641-3E81426DC435}
		{F6970E46-3CE8-4618-8C8D-68321F454EDD} = {4C31BAC5-E157-41A1-A641-3E81426DC435}
		{46D3EBB3-0779-4CB4-BDC8-7379F34C95CD} = {8687C69F-C1E9-44CF-95CB-820D2D6A69BB}
		{E2ED1289-50F4-4BEA-B275-728ABAD672A3} = {8687C69F-C1E9-44CF-95CB-820D2D6A69BB}
		{C9F8620B-66C4-4036-8767-C0943845685A} = {8687C69F-C1E9-44CF-95CB-820D2D6A69BB}
		{92DBA0AA-75FF-48AE-AF43-536BF3C674CB} = {EE016CDA-81CA-4BFA-BB8E-3145076DDB72}
		{D18A9406-8E53-4960-8E72-D055002E97B4} = {EE016CDA-81CA-4BFA-BB8E-3145076DDB72}
		{76899EA1-911E-46C6-9441-B3E8C6A128FE} = {EE016CDA-81CA-4BFA-BB8E-3145076DDB72}
		{F98CB993-F97E-4D27-A13A-99CBAA3939B0} = {65E53BE2-08F9-4825-8435-AEB725165736}
		{0B66A87A-5648-4BA4-9D7B-221CFF5771D0} = {65E53BE2-08F9-4825-8435-AEB725165736}
		{5134DE0F-2847-404F-9989-F6E79C872B9D} = {65E53BE2-08F9-4825-8435-AEB725165736}
	EndGlobalSection
	GlobalSection(ExtensibilityGlobals) = postSolution
		SolutionGuid = {95751584-87B2-4900-A638-9C6D35896455}
	EndGlobalSection
EndGlobal
